
Microsoft Visual Studio Solution File, Format Version 12.00
# Visual Studio 15
VisualStudioVersion = 15.0.26430.13
MinimumVisualStudioVersion = 10.0.40219.1
Project("{FAE04EC0-301F-11D3-BF4B-00C04F79EFBC}") = "Newbe.Mahua", "Newbe.Mahua\Newbe.Mahua.csproj", "{598C5D58-B57A-4552-AC74-938D67B37144}"
EndProject
Project("{FAE04EC0-301F-11D3-BF4B-00C04F79EFBC}") = "Newbe.Mahua.PluginLoader", "Newbe.Mahua.PluginLoader\Newbe.Mahua.PluginLoader.csproj", "{30F682F3-BDD4-473C-BFB8-9CC45516FE1A}"
EndProject
Project("{2150E333-8FDC-42A3-9474-1A3956D46DE8}") = "MahuaPlatforms", "MahuaPlatforms", "{EDA37D50-4D2D-4D8E-8099-69B13E975802}"
EndProject
Project("{FAE04EC0-301F-11D3-BF4B-00C04F79EFBC}") = "Newbe.Mahua.CQP", "Newbe.Mahua.CQP\Newbe.Mahua.CQP.csproj", "{0C305F78-179A-43C0-8430-EE34F2E3C827}"
EndProject
Project("{2150E333-8FDC-42A3-9474-1A3956D46DE8}") = "Plugins", "Plugins", "{DC5CAF2F-F6E8-4275-8027-89B859C0F5AF}"
EndProject
Project("{FAE04EC0-301F-11D3-BF4B-00C04F79EFBC}") = "Newbe.Mahua.MPQ", "Newbe.Mahua.MPQ\Newbe.Mahua.MPQ.csproj", "{C008916B-A9D0-4B32-A55E-28F1329992BD}"
EndProject
Project("{2150E333-8FDC-42A3-9474-1A3956D46DE8}") = "Tools", "Tools", "{F540FF12-D83E-4536-8288-C459B7572B37}"
EndProject
Project("{FAE04EC0-301F-11D3-BF4B-00C04F79EFBC}") = "Newbe.Tools.ELang2CSharp", "Newbe.Tools.ELang2CSharp\Newbe.Tools.ELang2CSharp.csproj", "{563EB946-C844-46F4-B61F-3F192244DA83}"
EndProject
Project("{FAE04EC0-301F-11D3-BF4B-00C04F79EFBC}") = "Newbe.Mahua.MarkdownGenerator", "Newbe.Mahua.MarkdownGenerator\Newbe.Mahua.MarkdownGenerator.csproj", "{E3E0827E-A343-41FD-826E-FEEE85BD1771}"
EndProject
Project("{FAE04EC0-301F-11D3-BF4B-00C04F79EFBC}") = "Newbe.Mahua.Amanda", "Newbe.Mahua.Amanda\Newbe.Mahua.Amanda.csproj", "{E2D3114F-60A2-4CF7-A851-2A4852ED9BF3}"
EndProject
Project("{FAE04EC0-301F-11D3-BF4B-00C04F79EFBC}") = "Newbe.Mahua.Msbuild", "Newbe.Mahua.Msbuild\Newbe.Mahua.Msbuild.csproj", "{82F093CD-6FD1-4B60-9025-3570B6E69462}"
EndProject
Project("{FAE04EC0-301F-11D3-BF4B-00C04F79EFBC}") = "Newbe.Mahua.Plugins.Parrot", "Newbe.Mahua.Plugins.Parrot\Newbe.Mahua.Plugins.Parrot.csproj", "{1E32E6F1-44B5-4D6B-936C-2478B5E8A6FF}"
EndProject
Global
	GlobalSection(SolutionConfigurationPlatforms) = preSolution
		Debug|Any CPU = Debug|Any CPU
		Release|Any CPU = Release|Any CPU
	EndGlobalSection
	GlobalSection(ProjectConfigurationPlatforms) = postSolution
		{598C5D58-B57A-4552-AC74-938D67B37144}.Debug|Any CPU.ActiveCfg = Debug|Any CPU
		{598C5D58-B57A-4552-AC74-938D67B37144}.Debug|Any CPU.Build.0 = Debug|Any CPU
		{598C5D58-B57A-4552-AC74-938D67B37144}.Release|Any CPU.ActiveCfg = Release|Any CPU
		{598C5D58-B57A-4552-AC74-938D67B37144}.Release|Any CPU.Build.0 = Release|Any CPU
		{30F682F3-BDD4-473C-BFB8-9CC45516FE1A}.Debug|Any CPU.ActiveCfg = Debug|Any CPU
		{30F682F3-BDD4-473C-BFB8-9CC45516FE1A}.Debug|Any CPU.Build.0 = Debug|Any CPU
		{30F682F3-BDD4-473C-BFB8-9CC45516FE1A}.Release|Any CPU.ActiveCfg = Release|Any CPU
		{30F682F3-BDD4-473C-BFB8-9CC45516FE1A}.Release|Any CPU.Build.0 = Release|Any CPU
		{0C305F78-179A-43C0-8430-EE34F2E3C827}.Debug|Any CPU.ActiveCfg = Debug|Any CPU
		{0C305F78-179A-43C0-8430-EE34F2E3C827}.Debug|Any CPU.Build.0 = Debug|Any CPU
		{0C305F78-179A-43C0-8430-EE34F2E3C827}.Release|Any CPU.ActiveCfg = Release|Any CPU
		{0C305F78-179A-43C0-8430-EE34F2E3C827}.Release|Any CPU.Build.0 = Release|Any CPU
		{C008916B-A9D0-4B32-A55E-28F1329992BD}.Debug|Any CPU.ActiveCfg = Debug|Any CPU
		{C008916B-A9D0-4B32-A55E-28F1329992BD}.Debug|Any CPU.Build.0 = Debug|Any CPU
		{C008916B-A9D0-4B32-A55E-28F1329992BD}.Release|Any CPU.ActiveCfg = Release|Any CPU
		{C008916B-A9D0-4B32-A55E-28F1329992BD}.Release|Any CPU.Build.0 = Release|Any CPU
		{563EB946-C844-46F4-B61F-3F192244DA83}.Debug|Any CPU.ActiveCfg = Debug|Any CPU
		{563EB946-C844-46F4-B61F-3F192244DA83}.Debug|Any CPU.Build.0 = Debug|Any CPU
		{563EB946-C844-46F4-B61F-3F192244DA83}.Release|Any CPU.ActiveCfg = Release|Any CPU
		{563EB946-C844-46F4-B61F-3F192244DA83}.Release|Any CPU.Build.0 = Release|Any CPU
		{E3E0827E-A343-41FD-826E-FEEE85BD1771}.Debug|Any CPU.ActiveCfg = Debug|Any CPU
		{E3E0827E-A343-41FD-826E-FEEE85BD1771}.Debug|Any CPU.Build.0 = Debug|Any CPU
		{E3E0827E-A343-41FD-826E-FEEE85BD1771}.Release|Any CPU.ActiveCfg = Release|Any CPU
		{E3E0827E-A343-41FD-826E-FEEE85BD1771}.Release|Any CPU.Build.0 = Release|Any CPU
		{E2D3114F-60A2-4CF7-A851-2A4852ED9BF3}.Debug|Any CPU.ActiveCfg = Debug|Any CPU
		{E2D3114F-60A2-4CF7-A851-2A4852ED9BF3}.Debug|Any CPU.Build.0 = Debug|Any CPU
		{E2D3114F-60A2-4CF7-A851-2A4852ED9BF3}.Release|Any CPU.ActiveCfg = Release|Any CPU
		{E2D3114F-60A2-4CF7-A851-2A4852ED9BF3}.Release|Any CPU.Build.0 = Release|Any CPU
		{82F093CD-6FD1-4B60-9025-3570B6E69462}.Debug|Any CPU.ActiveCfg = Debug|Any CPU
		{82F093CD-6FD1-4B60-9025-3570B6E69462}.Debug|Any CPU.Build.0 = Debug|Any CPU
		{82F093CD-6FD1-4B60-9025-3570B6E69462}.Release|Any CPU.ActiveCfg = Release|Any CPU
		{82F093CD-6FD1-4B60-9025-3570B6E69462}.Release|Any CPU.Build.0 = Release|Any CPU
		{1E32E6F1-44B5-4D6B-936C-2478B5E8A6FF}.Debug|Any CPU.ActiveCfg = Debug|Any CPU
		{1E32E6F1-44B5-4D6B-936C-2478B5E8A6FF}.Debug|Any CPU.Build.0 = Debug|Any CPU
		{1E32E6F1-44B5-4D6B-936C-2478B5E8A6FF}.Release|Any CPU.ActiveCfg = Release|Any CPU
		{1E32E6F1-44B5-4D6B-936C-2478B5E8A6FF}.Release|Any CPU.Build.0 = Release|Any CPU
	EndGlobalSection
	GlobalSection(SolutionProperties) = preSolution
		HideSolutionNode = FALSE
	EndGlobalSection
	GlobalSection(NestedProjects) = preSolution
		{0C305F78-179A-43C0-8430-EE34F2E3C827} = {EDA37D50-4D2D-4D8E-8099-69B13E975802}
		{C008916B-A9D0-4B32-A55E-28F1329992BD} = {EDA37D50-4D2D-4D8E-8099-69B13E975802}
		{563EB946-C844-46F4-B61F-3F192244DA83} = {F540FF12-D83E-4536-8288-C459B7572B37}
		{E3E0827E-A343-41FD-826E-FEEE85BD1771} = {F540FF12-D83E-4536-8288-C459B7572B37}
		{E2D3114F-60A2-4CF7-A851-2A4852ED9BF3} = {EDA37D50-4D2D-4D8E-8099-69B13E975802}
		{1E32E6F1-44B5-4D6B-936C-2478B5E8A6FF} = {DC5CAF2F-F6E8-4275-8027-89B859C0F5AF}
	EndGlobalSection
EndGlobal
