
Microsoft Visual Studio Solution File, Format Version 12.00
# Visual Studio 15
VisualStudioVersion = 15.0.27130.2010
MinimumVisualStudioVersion = 10.0.40219.1
Project("{FAE04EC0-301F-11D3-BF4B-00C04F79EFBC}") = "Newbe.Mahua.Samples.Sqlite", "Newbe.Mahua.Samples.Sqlite\Newbe.Mahua.Samples.Sqlite.csproj", "{AC4507C1-9A4B-42C8-9BA8-B0049AA3928B}"
EndProject
Project("{FAE04EC0-301F-11D3-BF4B-00C04F79EFBC}") = "Newbe.Mahua.Samples.Sqlite.Tests", "Newbe.Mahua.Samples.Sqlite.Tests\Newbe.Mahua.Samples.Sqlite.Tests.csproj", "{ABD7F8C8-3A8D-42E1-A214-2A7AA91076AA}"
EndProject
Project("{FAE04EC0-301F-11D3-BF4B-00C04F79EFBC}") = "Newbe.Mahua.Samples.LiveGirl", "Newbe.Mahua.Samples.LiveGirl\Newbe.Mahua.Samples.LiveGirl.csproj", "{6F78399E-8559-452A-B344-B12B6DD29DEA}"
EndProject
Project("{FAE04EC0-301F-11D3-BF4B-00C04F79EFBC}") = "Newbe.Mahua.Samples.ApiExtensions", "Newbe.Mahua.Samples.ApiExtensions\Newbe.Mahua.Samples.ApiExtensions.csproj", "{4A121415-F9D6-493F-9262-C8DBFE8DEC16}"
EndProject
Project("{FAE04EC0-301F-11D3-BF4B-00C04F79EFBC}") = "Newbe.Mahua.Samples.OkexRobot", "Newbe.Mahua.Samples.OkexRobot\Newbe.Mahua.Samples.OkexRobot.csproj", "{C78562A8-DFE1-4B98-A3A0-4FBAE1B773EE}"
EndProject
Global
	GlobalSection(SolutionConfigurationPlatforms) = preSolution
		Debug|Any CPU = Debug|Any CPU
		Release|Any CPU = Release|Any CPU
	EndGlobalSection
	GlobalSection(ProjectConfigurationPlatforms) = postSolution
		{AC4507C1-9A4B-42C8-9BA8-B0049AA3928B}.Debug|Any CPU.ActiveCfg = Debug|Any CPU
		{AC4507C1-9A4B-42C8-9BA8-B0049AA3928B}.Debug|Any CPU.Build.0 = Debug|Any CPU
		{AC4507C1-9A4B-42C8-9BA8-B0049AA3928B}.Release|Any CPU.ActiveCfg = Release|Any CPU
		{AC4507C1-9A4B-42C8-9BA8-B0049AA3928B}.Release|Any CPU.Build.0 = Release|Any CPU
		{ABD7F8C8-3A8D-42E1-A214-2A7AA91076AA}.Debug|Any CPU.ActiveCfg = Debug|Any CPU
		{ABD7F8C8-3A8D-42E1-A214-2A7AA91076AA}.Debug|Any CPU.Build.0 = Debug|Any CPU
		{ABD7F8C8-3A8D-42E1-A214-2A7AA91076AA}.Release|Any CPU.ActiveCfg = Release|Any CPU
		{ABD7F8C8-3A8D-42E1-A214-2A7AA91076AA}.Release|Any CPU.Build.0 = Release|Any CPU
		{6F78399E-8559-452A-B344-B12B6DD29DEA}.Debug|Any CPU.ActiveCfg = Debug|Any CPU
		{6F78399E-8559-452A-B344-B12B6DD29DEA}.Debug|Any CPU.Build.0 = Debug|Any CPU
		{6F78399E-8559-452A-B344-B12B6DD29DEA}.Release|Any CPU.ActiveCfg = Release|Any CPU
		{6F78399E-8559-452A-B344-B12B6DD29DEA}.Release|Any CPU.Build.0 = Release|Any CPU
		{4A121415-F9D6-493F-9262-C8DBFE8DEC16}.Debug|Any CPU.ActiveCfg = Debug|Any CPU
		{4A121415-F9D6-493F-9262-C8DBFE8DEC16}.Debug|Any CPU.Build.0 = Debug|Any CPU
		{4A121415-F9D6-493F-9262-C8DBFE8DEC16}.Release|Any CPU.ActiveCfg = Release|Any CPU
		{4A121415-F9D6-493F-9262-C8DBFE8DEC16}.Release|Any CPU.Build.0 = Release|Any CPU
		{C78562A8-DFE1-4B98-A3A0-4FBAE1B773EE}.Debug|Any CPU.ActiveCfg = Debug|Any CPU
		{C78562A8-DFE1-4B98-A3A0-4FBAE1B773EE}.Debug|Any CPU.Build.0 = Debug|Any CPU
		{C78562A8-DFE1-4B98-A3A0-4FBAE1B773EE}.Release|Any CPU.ActiveCfg = Release|Any CPU
		{C78562A8-DFE1-4B98-A3A0-4FBAE1B773EE}.Release|Any CPU.Build.0 = Release|Any CPU
	EndGlobalSection
	GlobalSection(SolutionProperties) = preSolution
		HideSolutionNode = FALSE
	EndGlobalSection
	GlobalSection(ExtensibilityGlobals) = postSolution
		SolutionGuid = {9C07AAB2-A770-4A43-94EE-E892BC8EA0BB}
	EndGlobalSection
EndGlobal
