
Microsoft Visual Studio Solution File, Format Version 12.00
# Visual Studio 15
VisualStudioVersion = 15.0.27130.2036
MinimumVisualStudioVersion = 10.0.40219.1
Project("{9A19103F-16F7-4668-BE54-9A1E7A4F7556}") = "Newbe.Mahua", "Newbe.Mahua\Newbe.Mahua.csproj", "{335C80CE-CAB8-4A09-B3F4-5502C7C82498}"
EndProject
Project("{9A19103F-16F7-4668-BE54-9A1E7A4F7556}") = "Newbe.Mahua.Amanda", "Newbe.Mahua.Amanda\Newbe.Mahua.Amanda.csproj", "{87791FB6-D793-4524-90BF-074E75B11146}"
EndProject
Project("{9A19103F-16F7-4668-BE54-9A1E7A4F7556}") = "Newbe.Mahua.CQP", "Newbe.Mahua.CQP\Newbe.Mahua.CQP.csproj", "{7E31FF27-EAB2-47AF-95B1-474B6A6DEED9}"
EndProject
Project("{9A19103F-16F7-4668-BE54-9A1E7A4F7556}") = "Newbe.Mahua.MPQ", "Newbe.Mahua.MPQ\Newbe.Mahua.MPQ.csproj", "{2620F84A-34A6-4FD4-9D6F-544630106E78}"
EndProject
Project("{9A19103F-16F7-4668-BE54-9A1E7A4F7556}") = "Newbe.Mahua.PluginLoader", "Newbe.Mahua.PluginLoader\Newbe.Mahua.PluginLoader.csproj", "{12392CCE-BDBB-4F57-AD37-8024DFA8077C}"
EndProject
Project("{2150E333-8FDC-42A3-9474-1A3956D46DE8}") = "1)MahuaPlatforms", "1)MahuaPlatforms", "{E8D7F78E-E7B5-41DB-B141-4CB5AE0FEACD}"
EndProject
Project("{FAE04EC0-301F-11D3-BF4B-00C04F79EFBC}") = "Newbe.Mahua.CQP.Native", "Newbe.Mahua.CQP.Native\Newbe.Mahua.CQP.Native.csproj", "{79E0600A-8F6B-40A3-A1DC-3857855C7047}"
EndProject
Project("{2150E333-8FDC-42A3-9474-1A3956D46DE8}") = "1.1)CQP", "1.1)CQP", "{3A0CA621-D6A1-4CB8-A97D-4ACF16612617}"
EndProject
Project("{2150E333-8FDC-42A3-9474-1A3956D46DE8}") = "2)Plugins", "2)Plugins", "{D6A2AC89-2895-4D73-88EA-20315EFC83B7}"
EndProject
Project("{2150E333-8FDC-42A3-9474-1A3956D46DE8}") = "1.2)Amanda", "1.2)Amanda", "{DB9C69DA-2EA0-4E6C-9D8C-89C4E3FE978F}"
EndProject
Project("{2150E333-8FDC-42A3-9474-1A3956D46DE8}") = "1.3)MPQ", "1.3)MPQ", "{DABD0D69-8757-4EDE-989D-5F65FF10D1FC}"
EndProject
Project("{FAE04EC0-301F-11D3-BF4B-00C04F79EFBC}") = "Newbe.Mahua.Amanda.Native", "Newbe.Mahua.Amanda.Native\Newbe.Mahua.Amanda.Native.csproj", "{3F6DD716-5DD5-4B36-B1A7-187CCB9003F9}"
EndProject
Project("{9A19103F-16F7-4668-BE54-9A1E7A4F7556}") = "Newbe.Mahua.Tools.Psake", "Newbe.Mahua.Tools.Psake\Newbe.Mahua.Tools.Psake.csproj", "{2FF30FC4-C7E7-45EC-8BD7-9B43D3DAAF39}"
EndProject
Project("{2150E333-8FDC-42A3-9474-1A3956D46DE8}") = "3)Tools", "3)Tools", "{A1D81992-C02F-413A-A208-28B89B0DF306}"
EndProject
Project("{FAE04EC0-301F-11D3-BF4B-00C04F79EFBC}") = "Newbe.Tools.ELang2CSharp", "Newbe.Tools.ELang2CSharp\Newbe.Tools.ELang2CSharp.csproj", "{563EB946-C844-46F4-B61F-3F192244DA83}"
EndProject
Project("{2150E333-8FDC-42A3-9474-1A3956D46DE8}") = "4)Global", "4)Global", "{623B59F9-2AF6-472E-9A5F-3F77944866E0}"
	ProjectSection(SolutionItems) = preProject
		GlobalBin\init.ps1 = GlobalBin\init.ps1
		GlobalBin\NLog.config = GlobalBin\NLog.config
		GlobalBin\NLog.dll = GlobalBin\NLog.dll
	EndProjectSection
EndProject
Project("{FAE04EC0-301F-11D3-BF4B-00C04F79EFBC}") = "Newbe.Mahua.LibTests", "Newbe.Mahua.LibTests\Newbe.Mahua.LibTests.csproj", "{A7B38C24-B1DA-4CAC-9208-262631844CD4}"
EndProject
Project("{2150E333-8FDC-42A3-9474-1A3956D46DE8}") = "0)Solution Items", "0)Solution Items", "{461A0A33-E7B5-4C86-83E8-D9EAEBC3A996}"
	ProjectSection(SolutionItems) = preProject
		build.bat = build.bat
		build.ps1 = build.ps1
		Newbe.Mahua.props = Newbe.Mahua.props
		Newbe.Mahua.ruleset = Newbe.Mahua.ruleset
		NuGet.config = NuGet.config
		reinstall-dllexport.ps1 = reinstall-dllexport.ps1
	EndProjectSection
EndProject
Project("{FAE04EC0-301F-11D3-BF4B-00C04F79EFBC}") = "Newbe.Mahua.MPQ.Native", "Newbe.Mahua.MPQ.Native\Newbe.Mahua.MPQ.Native.csproj", "{8E94685A-C2F5-4131-8D82-A7A74E42B559}"
EndProject
Project("{FAE04EC0-301F-11D3-BF4B-00C04F79EFBC}") = "Newbe.Mahua.Plugins.Parrot", "Newbe.Mahua.Plugins.Parrot\Newbe.Mahua.Plugins.Parrot.csproj", "{6A7E034A-7313-4945-81D3-368199644E8F}"
EndProject
Project("{9A19103F-16F7-4668-BE54-9A1E7A4F7556}") = "Newbe.Mahua.Administration", "Newbe.Mahua.Administration\Newbe.Mahua.Administration.csproj", "{BE6E84B8-05D1-4052-85CE-8ADE47A1FAF5}"
EndProject
Project("{2150E333-8FDC-42A3-9474-1A3956D46DE8}") = "5)Extensions", "5)Extensions", "{5B646BFD-8CFE-439E-95E7-129083AAC599}"
EndProject
Project("{2150E333-8FDC-42A3-9474-1A3956D46DE8}") = "1)Administration", "1)Administration", "{6B10B8F4-78E3-4543-9FEE-2281F1019CAD}"
EndProject
Project("{FAE04EC0-301F-11D3-BF4B-00C04F79EFBC}") = "Newbe.Mahua.Administration.WPF", "Newbe.Mahua.Administration.WPF\Newbe.Mahua.Administration.WPF.csproj", "{4B7CCDDD-9813-42E1-BEE0-2AA4B0345117}"
EndProject
Project("{FAE04EC0-301F-11D3-BF4B-00C04F79EFBC}") = "Newbe.Mahua.Plugins.Parrot.Tests", "Newbe.Mahua.Plugins.Parrot.Tests\Newbe.Mahua.Plugins.Parrot.Tests.csproj", "{842ED708-5E43-4627-84D0-E46A88B3B247}"
EndProject
Project("{9A19103F-16F7-4668-BE54-9A1E7A4F7556}") = "Newbe.Mahua.ApiMahuaCommandFinder", "Newbe.Mahua.ApiMahuaCommandFinder\Newbe.Mahua.ApiMahuaCommandFinder.csproj", "{E6AA7F4D-3069-429E-9CC6-386ACAFAEBA7}"
EndProject
Project("{2150E333-8FDC-42A3-9474-1A3956D46DE8}") = "2)CQP", "2)CQP", "{F11C6532-C3F0-489C-86B6-9234A6BF93C2}"
EndProject
Project("{9A19103F-16F7-4668-BE54-9A1E7A4F7556}") = "Newbe.Mahua.CQP.ApiExtensions", "Newbe.Mahua.CQP.ApiExtensions\Newbe.Mahua.CQP.ApiExtensions.csproj", "{C9C61684-4367-426C-B32D-EFADF3B3B1F0}"
EndProject
Project("{2150E333-8FDC-42A3-9474-1A3956D46DE8}") = "1.4)CleverQQ", "1.4)CleverQQ", "{29538C19-8F8A-4493-B4AC-219942B77D92}"
EndProject
Project("{2150E333-8FDC-42A3-9474-1A3956D46DE8}") = "1.5)QQLight", "1.5)QQLight", "{CF053B95-7235-45DB-A4FD-7C0C45B35348}"
EndProject
Project("{9A19103F-16F7-4668-BE54-9A1E7A4F7556}") = "Newbe.Mahua.CleverQQ", "Newbe.Mahua.CleverQQ\Newbe.Mahua.CleverQQ.csproj", "{BEDD1F32-12FF-48AC-80DF-84CBB1B61835}"
EndProject
Project("{9A19103F-16F7-4668-BE54-9A1E7A4F7556}") = "Newbe.Mahua.QQLight", "Newbe.Mahua.QQLight\Newbe.Mahua.QQLight.csproj", "{F5FFD098-5BE9-4CF0-9C96-9E56A9F28599}"
EndProject
Project("{FAE04EC0-301F-11D3-BF4B-00C04F79EFBC}") = "Newbe.Mahua.CleverQQ.Native", "Newbe.Mahua.CleverQQ.Native\Newbe.Mahua.CleverQQ.Native.csproj", "{7BC544C3-166E-407C-893C-09933B98896D}"
EndProject
Project("{FAE04EC0-301F-11D3-BF4B-00C04F79EFBC}") = "Newbe.Mahua.QQLight.Native", "Newbe.Mahua.QQLight.Native\Newbe.Mahua.QQLight.Native.csproj", "{F704EBE2-76FF-496E-96BC-B45B7D766BF0}"
EndProject
Global
	GlobalSection(SolutionConfigurationPlatforms) = preSolution
		Debug|Any CPU = Debug|Any CPU
		Release|Any CPU = Release|Any CPU
	EndGlobalSection
	GlobalSection(ProjectConfigurationPlatforms) = postSolution
		{335C80CE-CAB8-4A09-B3F4-5502C7C82498}.Debug|Any CPU.ActiveCfg = Debug|Any CPU
		{335C80CE-CAB8-4A09-B3F4-5502C7C82498}.Debug|Any CPU.Build.0 = Debug|Any CPU
		{335C80CE-CAB8-4A09-B3F4-5502C7C82498}.Release|Any CPU.ActiveCfg = Release|Any CPU
		{335C80CE-CAB8-4A09-B3F4-5502C7C82498}.Release|Any CPU.Build.0 = Release|Any CPU
		{87791FB6-D793-4524-90BF-074E75B11146}.Debug|Any CPU.ActiveCfg = Debug|Any CPU
		{87791FB6-D793-4524-90BF-074E75B11146}.Debug|Any CPU.Build.0 = Debug|Any CPU
		{87791FB6-D793-4524-90BF-074E75B11146}.Release|Any CPU.ActiveCfg = Release|Any CPU
		{87791FB6-D793-4524-90BF-074E75B11146}.Release|Any CPU.Build.0 = Release|Any CPU
		{7E31FF27-EAB2-47AF-95B1-474B6A6DEED9}.Debug|Any CPU.ActiveCfg = Debug|Any CPU
		{7E31FF27-EAB2-47AF-95B1-474B6A6DEED9}.Debug|Any CPU.Build.0 = Debug|Any CPU
		{7E31FF27-EAB2-47AF-95B1-474B6A6DEED9}.Release|Any CPU.ActiveCfg = Release|Any CPU
		{7E31FF27-EAB2-47AF-95B1-474B6A6DEED9}.Release|Any CPU.Build.0 = Release|Any CPU
		{2620F84A-34A6-4FD4-9D6F-544630106E78}.Debug|Any CPU.ActiveCfg = Debug|Any CPU
		{2620F84A-34A6-4FD4-9D6F-544630106E78}.Debug|Any CPU.Build.0 = Debug|Any CPU
		{2620F84A-34A6-4FD4-9D6F-544630106E78}.Release|Any CPU.ActiveCfg = Release|Any CPU
		{2620F84A-34A6-4FD4-9D6F-544630106E78}.Release|Any CPU.Build.0 = Release|Any CPU
		{12392CCE-BDBB-4F57-AD37-8024DFA8077C}.Debug|Any CPU.ActiveCfg = Debug|Any CPU
		{12392CCE-BDBB-4F57-AD37-8024DFA8077C}.Debug|Any CPU.Build.0 = Debug|Any CPU
		{12392CCE-BDBB-4F57-AD37-8024DFA8077C}.Release|Any CPU.ActiveCfg = Release|Any CPU
		{12392CCE-BDBB-4F57-AD37-8024DFA8077C}.Release|Any CPU.Build.0 = Release|Any CPU
		{79E0600A-8F6B-40A3-A1DC-3857855C7047}.Debug|Any CPU.ActiveCfg = Debug|Any CPU
		{79E0600A-8F6B-40A3-A1DC-3857855C7047}.Debug|Any CPU.Build.0 = Debug|Any CPU
		{79E0600A-8F6B-40A3-A1DC-3857855C7047}.Release|Any CPU.ActiveCfg = Release|Any CPU
		{79E0600A-8F6B-40A3-A1DC-3857855C7047}.Release|Any CPU.Build.0 = Release|Any CPU
		{3F6DD716-5DD5-4B36-B1A7-187CCB9003F9}.Debug|Any CPU.ActiveCfg = Debug|Any CPU
		{3F6DD716-5DD5-4B36-B1A7-187CCB9003F9}.Debug|Any CPU.Build.0 = Debug|Any CPU
		{3F6DD716-5DD5-4B36-B1A7-187CCB9003F9}.Release|Any CPU.ActiveCfg = Release|Any CPU
		{3F6DD716-5DD5-4B36-B1A7-187CCB9003F9}.Release|Any CPU.Build.0 = Release|Any CPU
		{2FF30FC4-C7E7-45EC-8BD7-9B43D3DAAF39}.Debug|Any CPU.ActiveCfg = Debug|Any CPU
		{2FF30FC4-C7E7-45EC-8BD7-9B43D3DAAF39}.Debug|Any CPU.Build.0 = Debug|Any CPU
		{2FF30FC4-C7E7-45EC-8BD7-9B43D3DAAF39}.Release|Any CPU.ActiveCfg = Release|Any CPU
		{2FF30FC4-C7E7-45EC-8BD7-9B43D3DAAF39}.Release|Any CPU.Build.0 = Release|Any CPU
		{563EB946-C844-46F4-B61F-3F192244DA83}.Debug|Any CPU.ActiveCfg = Debug|Any CPU
		{563EB946-C844-46F4-B61F-3F192244DA83}.Debug|Any CPU.Build.0 = Debug|Any CPU
		{563EB946-C844-46F4-B61F-3F192244DA83}.Release|Any CPU.ActiveCfg = Release|Any CPU
		{563EB946-C844-46F4-B61F-3F192244DA83}.Release|Any CPU.Build.0 = Release|Any CPU
		{A7B38C24-B1DA-4CAC-9208-262631844CD4}.Debug|Any CPU.ActiveCfg = Debug|Any CPU
		{A7B38C24-B1DA-4CAC-9208-262631844CD4}.Debug|Any CPU.Build.0 = Debug|Any CPU
		{A7B38C24-B1DA-4CAC-9208-262631844CD4}.Release|Any CPU.ActiveCfg = Release|Any CPU
		{A7B38C24-B1DA-4CAC-9208-262631844CD4}.Release|Any CPU.Build.0 = Release|Any CPU
		{8E94685A-C2F5-4131-8D82-A7A74E42B559}.Debug|Any CPU.ActiveCfg = Debug|Any CPU
		{8E94685A-C2F5-4131-8D82-A7A74E42B559}.Debug|Any CPU.Build.0 = Debug|Any CPU
		{8E94685A-C2F5-4131-8D82-A7A74E42B559}.Release|Any CPU.ActiveCfg = Release|Any CPU
		{8E94685A-C2F5-4131-8D82-A7A74E42B559}.Release|Any CPU.Build.0 = Release|Any CPU
		{6A7E034A-7313-4945-81D3-368199644E8F}.Debug|Any CPU.ActiveCfg = Debug|Any CPU
		{6A7E034A-7313-4945-81D3-368199644E8F}.Debug|Any CPU.Build.0 = Debug|Any CPU
		{6A7E034A-7313-4945-81D3-368199644E8F}.Release|Any CPU.ActiveCfg = Release|Any CPU
		{6A7E034A-7313-4945-81D3-368199644E8F}.Release|Any CPU.Build.0 = Release|Any CPU
		{BE6E84B8-05D1-4052-85CE-8ADE47A1FAF5}.Debug|Any CPU.ActiveCfg = Debug|Any CPU
		{BE6E84B8-05D1-4052-85CE-8ADE47A1FAF5}.Debug|Any CPU.Build.0 = Debug|Any CPU
		{BE6E84B8-05D1-4052-85CE-8ADE47A1FAF5}.Release|Any CPU.ActiveCfg = Release|Any CPU
		{BE6E84B8-05D1-4052-85CE-8ADE47A1FAF5}.Release|Any CPU.Build.0 = Release|Any CPU
		{4B7CCDDD-9813-42E1-BEE0-2AA4B0345117}.Debug|Any CPU.ActiveCfg = Debug|Any CPU
		{4B7CCDDD-9813-42E1-BEE0-2AA4B0345117}.Debug|Any CPU.Build.0 = Debug|Any CPU
		{4B7CCDDD-9813-42E1-BEE0-2AA4B0345117}.Release|Any CPU.ActiveCfg = Release|Any CPU
		{4B7CCDDD-9813-42E1-BEE0-2AA4B0345117}.Release|Any CPU.Build.0 = Release|Any CPU
		{842ED708-5E43-4627-84D0-E46A88B3B247}.Debug|Any CPU.ActiveCfg = Debug|Any CPU
		{842ED708-5E43-4627-84D0-E46A88B3B247}.Debug|Any CPU.Build.0 = Debug|Any CPU
		{842ED708-5E43-4627-84D0-E46A88B3B247}.Release|Any CPU.ActiveCfg = Release|Any CPU
		{842ED708-5E43-4627-84D0-E46A88B3B247}.Release|Any CPU.Build.0 = Release|Any CPU
		{E6AA7F4D-3069-429E-9CC6-386ACAFAEBA7}.Debug|Any CPU.ActiveCfg = Debug|Any CPU
		{E6AA7F4D-3069-429E-9CC6-386ACAFAEBA7}.Debug|Any CPU.Build.0 = Debug|Any CPU
		{E6AA7F4D-3069-429E-9CC6-386ACAFAEBA7}.Release|Any CPU.ActiveCfg = Release|Any CPU
		{E6AA7F4D-3069-429E-9CC6-386ACAFAEBA7}.Release|Any CPU.Build.0 = Release|Any CPU
		{C9C61684-4367-426C-B32D-EFADF3B3B1F0}.Debug|Any CPU.ActiveCfg = Debug|Any CPU
		{C9C61684-4367-426C-B32D-EFADF3B3B1F0}.Debug|Any CPU.Build.0 = Debug|Any CPU
		{C9C61684-4367-426C-B32D-EFADF3B3B1F0}.Release|Any CPU.ActiveCfg = Release|Any CPU
		{C9C61684-4367-426C-B32D-EFADF3B3B1F0}.Release|Any CPU.Build.0 = Release|Any CPU
		{BEDD1F32-12FF-48AC-80DF-84CBB1B61835}.Debug|Any CPU.ActiveCfg = Debug|Any CPU
		{BEDD1F32-12FF-48AC-80DF-84CBB1B61835}.Debug|Any CPU.Build.0 = Debug|Any CPU
		{BEDD1F32-12FF-48AC-80DF-84CBB1B61835}.Release|Any CPU.ActiveCfg = Release|Any CPU
		{BEDD1F32-12FF-48AC-80DF-84CBB1B61835}.Release|Any CPU.Build.0 = Release|Any CPU
		{F5FFD098-5BE9-4CF0-9C96-9E56A9F28599}.Debug|Any CPU.ActiveCfg = Debug|Any CPU
		{F5FFD098-5BE9-4CF0-9C96-9E56A9F28599}.Debug|Any CPU.Build.0 = Debug|Any CPU
		{F5FFD098-5BE9-4CF0-9C96-9E56A9F28599}.Release|Any CPU.ActiveCfg = Release|Any CPU
		{F5FFD098-5BE9-4CF0-9C96-9E56A9F28599}.Release|Any CPU.Build.0 = Release|Any CPU
		{7BC544C3-166E-407C-893C-09933B98896D}.Debug|Any CPU.ActiveCfg = Debug|Any CPU
		{7BC544C3-166E-407C-893C-09933B98896D}.Debug|Any CPU.Build.0 = Debug|Any CPU
		{7BC544C3-166E-407C-893C-09933B98896D}.Release|Any CPU.ActiveCfg = Release|Any CPU
		{7BC544C3-166E-407C-893C-09933B98896D}.Release|Any CPU.Build.0 = Release|Any CPU
		{F704EBE2-76FF-496E-96BC-B45B7D766BF0}.Debug|Any CPU.ActiveCfg = Debug|Any CPU
		{F704EBE2-76FF-496E-96BC-B45B7D766BF0}.Debug|Any CPU.Build.0 = Debug|Any CPU
		{F704EBE2-76FF-496E-96BC-B45B7D766BF0}.Release|Any CPU.ActiveCfg = Release|Any CPU
		{F704EBE2-76FF-496E-96BC-B45B7D766BF0}.Release|Any CPU.Build.0 = Release|Any CPU
	EndGlobalSection
	GlobalSection(SolutionProperties) = preSolution
		HideSolutionNode = FALSE
	EndGlobalSection
	GlobalSection(NestedProjects) = preSolution
		{87791FB6-D793-4524-90BF-074E75B11146} = {DB9C69DA-2EA0-4E6C-9D8C-89C4E3FE978F}
		{7E31FF27-EAB2-47AF-95B1-474B6A6DEED9} = {3A0CA621-D6A1-4CB8-A97D-4ACF16612617}
		{2620F84A-34A6-4FD4-9D6F-544630106E78} = {DABD0D69-8757-4EDE-989D-5F65FF10D1FC}
		{79E0600A-8F6B-40A3-A1DC-3857855C7047} = {3A0CA621-D6A1-4CB8-A97D-4ACF16612617}
		{3A0CA621-D6A1-4CB8-A97D-4ACF16612617} = {E8D7F78E-E7B5-41DB-B141-4CB5AE0FEACD}
		{DB9C69DA-2EA0-4E6C-9D8C-89C4E3FE978F} = {E8D7F78E-E7B5-41DB-B141-4CB5AE0FEACD}
		{DABD0D69-8757-4EDE-989D-5F65FF10D1FC} = {E8D7F78E-E7B5-41DB-B141-4CB5AE0FEACD}
		{3F6DD716-5DD5-4B36-B1A7-187CCB9003F9} = {DB9C69DA-2EA0-4E6C-9D8C-89C4E3FE978F}
		{563EB946-C844-46F4-B61F-3F192244DA83} = {A1D81992-C02F-413A-A208-28B89B0DF306}
		{A7B38C24-B1DA-4CAC-9208-262631844CD4} = {A1D81992-C02F-413A-A208-28B89B0DF306}
		{8E94685A-C2F5-4131-8D82-A7A74E42B559} = {DABD0D69-8757-4EDE-989D-5F65FF10D1FC}
		{6A7E034A-7313-4945-81D3-368199644E8F} = {D6A2AC89-2895-4D73-88EA-20315EFC83B7}
		{BE6E84B8-05D1-4052-85CE-8ADE47A1FAF5} = {6B10B8F4-78E3-4543-9FEE-2281F1019CAD}
		{6B10B8F4-78E3-4543-9FEE-2281F1019CAD} = {5B646BFD-8CFE-439E-95E7-129083AAC599}
		{4B7CCDDD-9813-42E1-BEE0-2AA4B0345117} = {6B10B8F4-78E3-4543-9FEE-2281F1019CAD}
		{842ED708-5E43-4627-84D0-E46A88B3B247} = {D6A2AC89-2895-4D73-88EA-20315EFC83B7}
		{E6AA7F4D-3069-429E-9CC6-386ACAFAEBA7} = {A1D81992-C02F-413A-A208-28B89B0DF306}
		{F11C6532-C3F0-489C-86B6-9234A6BF93C2} = {5B646BFD-8CFE-439E-95E7-129083AAC599}
		{C9C61684-4367-426C-B32D-EFADF3B3B1F0} = {F11C6532-C3F0-489C-86B6-9234A6BF93C2}
		{29538C19-8F8A-4493-B4AC-219942B77D92} = {E8D7F78E-E7B5-41DB-B141-4CB5AE0FEACD}
		{CF053B95-7235-45DB-A4FD-7C0C45B35348} = {E8D7F78E-E7B5-41DB-B141-4CB5AE0FEACD}
		{BEDD1F32-12FF-48AC-80DF-84CBB1B61835} = {29538C19-8F8A-4493-B4AC-219942B77D92}
		{F5FFD098-5BE9-4CF0-9C96-9E56A9F28599} = {CF053B95-7235-45DB-A4FD-7C0C45B35348}
		{7BC544C3-166E-407C-893C-09933B98896D} = {29538C19-8F8A-4493-B4AC-219942B77D92}
		{F704EBE2-76FF-496E-96BC-B45B7D766BF0} = {CF053B95-7235-45DB-A4FD-7C0C45B35348}
	EndGlobalSection
	GlobalSection(ExtensibilityGlobals) = postSolution
		SolutionGuid = {9C07AAB2-A770-4A43-94EE-E892BC8EA0BB}
	EndGlobalSection
EndGlobal
