
Microsoft Visual Studio Solution File, Format Version 12.00
# Visual Studio 15
VisualStudioVersion = 15.0.27004.2005
MinimumVisualStudioVersion = 10.0.40219.1
Project("{9A19103F-16F7-4668-BE54-9A1E7A4F7556}") = "Newbe.Mahua", "Newbe.Mahua\Newbe.Mahua.csproj", "{335C80CE-CAB8-4A09-B3F4-5502C7C82498}"
EndProject
Project("{9A19103F-16F7-4668-BE54-9A1E7A4F7556}") = "Newbe.Mahua.Amanda", "Newbe.Mahua.Amanda\Newbe.Mahua.Amanda.csproj", "{87791FB6-D793-4524-90BF-074E75B11146}"
EndProject
Project("{9A19103F-16F7-4668-BE54-9A1E7A4F7556}") = "Newbe.Mahua.CQP", "Newbe.Mahua.CQP\Newbe.Mahua.CQP.csproj", "{7E31FF27-EAB2-47AF-95B1-474B6A6DEED9}"
EndProject
Project("{9A19103F-16F7-4668-BE54-9A1E7A4F7556}") = "Newbe.Mahua.MPQ", "Newbe.Mahua.MPQ\Newbe.Mahua.MPQ.csproj", "{2620F84A-34A6-4FD4-9D6F-544630106E78}"
EndProject
Project("{9A19103F-16F7-4668-BE54-9A1E7A4F7556}") = "Newbe.Mahua.Msbuild", "Newbe.Mahua.Msbuild\Newbe.Mahua.Msbuild.csproj", "{EC83BCB3-650C-45E4-87FA-330D04A5F5E6}"
EndProject
Project("{9A19103F-16F7-4668-BE54-9A1E7A4F7556}") = "Newbe.Mahua.PluginLoader", "Newbe.Mahua.PluginLoader\Newbe.Mahua.PluginLoader.csproj", "{12392CCE-BDBB-4F57-AD37-8024DFA8077C}"
EndProject
Project("{2150E333-8FDC-42A3-9474-1A3956D46DE8}") = "MahuaPlatforms", "MahuaPlatforms", "{E8D7F78E-E7B5-41DB-B141-4CB5AE0FEACD}"
EndProject
Project("{FAE04EC0-301F-11D3-BF4B-00C04F79EFBC}") = "Newbe.Mahua.CQP.Native", "Newbe.Mahua.CQP.Native\Newbe.Mahua.CQP.Native.csproj", "{79E0600A-8F6B-40A3-A1DC-3857855C7047}"
EndProject
Project("{2150E333-8FDC-42A3-9474-1A3956D46DE8}") = "CQP", "CQP", "{3A0CA621-D6A1-4CB8-A97D-4ACF16612617}"
EndProject
Project("{2150E333-8FDC-42A3-9474-1A3956D46DE8}") = "Plugins", "Plugins", "{D6A2AC89-2895-4D73-88EA-20315EFC83B7}"
EndProject
Project("{FAE04EC0-301F-11D3-BF4B-00C04F79EFBC}") = "Newbe.Mahua.Plugins.Parrot", "Newbe.Mahua.Plugins.Parrot\Newbe.Mahua.Plugins.Parrot.csproj", "{8FFE9313-3E15-404F-A562-305154335513}"
EndProject
Project("{2150E333-8FDC-42A3-9474-1A3956D46DE8}") = "Amanda", "Amanda", "{DB9C69DA-2EA0-4E6C-9D8C-89C4E3FE978F}"
EndProject
Project("{2150E333-8FDC-42A3-9474-1A3956D46DE8}") = "MPQ", "MPQ", "{DABD0D69-8757-4EDE-989D-5F65FF10D1FC}"
EndProject
Project("{FAE04EC0-301F-11D3-BF4B-00C04F79EFBC}") = "Newbe.Mahua.Amanda.Native", "Newbe.Mahua.Amanda.Native\Newbe.Mahua.Amanda.Native.csproj", "{3F6DD716-5DD5-4B36-B1A7-187CCB9003F9}"
EndProject
Project("{FAE04EC0-301F-11D3-BF4B-00C04F79EFBC}") = "Newbe.Mahua.Tools.Psake", "Newbe.Mahua.Tools.Psake\Newbe.Mahua.Tools.Psake.csproj", "{2FF30FC4-C7E7-45EC-8BD7-9B43D3DAAF39}"
EndProject
Global
	GlobalSection(SolutionConfigurationPlatforms) = preSolution
		Debug|Any CPU = Debug|Any CPU
		Release|Any CPU = Release|Any CPU
	EndGlobalSection
	GlobalSection(ProjectConfigurationPlatforms) = postSolution
		{335C80CE-CAB8-4A09-B3F4-5502C7C82498}.Debug|Any CPU.ActiveCfg = Debug|Any CPU
		{335C80CE-CAB8-4A09-B3F4-5502C7C82498}.Debug|Any CPU.Build.0 = Debug|Any CPU
		{335C80CE-CAB8-4A09-B3F4-5502C7C82498}.Release|Any CPU.ActiveCfg = Release|Any CPU
		{335C80CE-CAB8-4A09-B3F4-5502C7C82498}.Release|Any CPU.Build.0 = Release|Any CPU
		{87791FB6-D793-4524-90BF-074E75B11146}.Debug|Any CPU.ActiveCfg = Debug|Any CPU
		{87791FB6-D793-4524-90BF-074E75B11146}.Debug|Any CPU.Build.0 = Debug|Any CPU
		{87791FB6-D793-4524-90BF-074E75B11146}.Release|Any CPU.ActiveCfg = Release|Any CPU
		{87791FB6-D793-4524-90BF-074E75B11146}.Release|Any CPU.Build.0 = Release|Any CPU
		{7E31FF27-EAB2-47AF-95B1-474B6A6DEED9}.Debug|Any CPU.ActiveCfg = Debug|Any CPU
		{7E31FF27-EAB2-47AF-95B1-474B6A6DEED9}.Debug|Any CPU.Build.0 = Debug|Any CPU
		{7E31FF27-EAB2-47AF-95B1-474B6A6DEED9}.Release|Any CPU.ActiveCfg = Release|Any CPU
		{7E31FF27-EAB2-47AF-95B1-474B6A6DEED9}.Release|Any CPU.Build.0 = Release|Any CPU
		{2620F84A-34A6-4FD4-9D6F-544630106E78}.Debug|Any CPU.ActiveCfg = Debug|Any CPU
		{2620F84A-34A6-4FD4-9D6F-544630106E78}.Debug|Any CPU.Build.0 = Debug|Any CPU
		{2620F84A-34A6-4FD4-9D6F-544630106E78}.Release|Any CPU.ActiveCfg = Release|Any CPU
		{2620F84A-34A6-4FD4-9D6F-544630106E78}.Release|Any CPU.Build.0 = Release|Any CPU
		{EC83BCB3-650C-45E4-87FA-330D04A5F5E6}.Debug|Any CPU.ActiveCfg = Debug|Any CPU
		{EC83BCB3-650C-45E4-87FA-330D04A5F5E6}.Debug|Any CPU.Build.0 = Debug|Any CPU
		{EC83BCB3-650C-45E4-87FA-330D04A5F5E6}.Release|Any CPU.ActiveCfg = Release|Any CPU
		{EC83BCB3-650C-45E4-87FA-330D04A5F5E6}.Release|Any CPU.Build.0 = Release|Any CPU
		{12392CCE-BDBB-4F57-AD37-8024DFA8077C}.Debug|Any CPU.ActiveCfg = Debug|Any CPU
		{12392CCE-BDBB-4F57-AD37-8024DFA8077C}.Debug|Any CPU.Build.0 = Debug|Any CPU
		{12392CCE-BDBB-4F57-AD37-8024DFA8077C}.Release|Any CPU.ActiveCfg = Release|Any CPU
		{12392CCE-BDBB-4F57-AD37-8024DFA8077C}.Release|Any CPU.Build.0 = Release|Any CPU
		{79E0600A-8F6B-40A3-A1DC-3857855C7047}.Debug|Any CPU.ActiveCfg = Debug|Any CPU
		{79E0600A-8F6B-40A3-A1DC-3857855C7047}.Debug|Any CPU.Build.0 = Debug|Any CPU
		{79E0600A-8F6B-40A3-A1DC-3857855C7047}.Release|Any CPU.ActiveCfg = Release|Any CPU
		{79E0600A-8F6B-40A3-A1DC-3857855C7047}.Release|Any CPU.Build.0 = Release|Any CPU
		{8FFE9313-3E15-404F-A562-305154335513}.Debug|Any CPU.ActiveCfg = Debug|Any CPU
		{8FFE9313-3E15-404F-A562-305154335513}.Debug|Any CPU.Build.0 = Debug|Any CPU
		{8FFE9313-3E15-404F-A562-305154335513}.Release|Any CPU.ActiveCfg = Release|Any CPU
		{8FFE9313-3E15-404F-A562-305154335513}.Release|Any CPU.Build.0 = Release|Any CPU
		{3F6DD716-5DD5-4B36-B1A7-187CCB9003F9}.Debug|Any CPU.ActiveCfg = Debug|Any CPU
		{3F6DD716-5DD5-4B36-B1A7-187CCB9003F9}.Debug|Any CPU.Build.0 = Debug|Any CPU
		{3F6DD716-5DD5-4B36-B1A7-187CCB9003F9}.Release|Any CPU.ActiveCfg = Release|Any CPU
		{3F6DD716-5DD5-4B36-B1A7-187CCB9003F9}.Release|Any CPU.Build.0 = Release|Any CPU
		{2FF30FC4-C7E7-45EC-8BD7-9B43D3DAAF39}.Debug|Any CPU.ActiveCfg = Debug|Any CPU
		{2FF30FC4-C7E7-45EC-8BD7-9B43D3DAAF39}.Debug|Any CPU.Build.0 = Debug|Any CPU
		{2FF30FC4-C7E7-45EC-8BD7-9B43D3DAAF39}.Release|Any CPU.ActiveCfg = Release|Any CPU
		{2FF30FC4-C7E7-45EC-8BD7-9B43D3DAAF39}.Release|Any CPU.Build.0 = Release|Any CPU
	EndGlobalSection
	GlobalSection(SolutionProperties) = preSolution
		HideSolutionNode = FALSE
	EndGlobalSection
	GlobalSection(NestedProjects) = preSolution
		{87791FB6-D793-4524-90BF-074E75B11146} = {DB9C69DA-2EA0-4E6C-9D8C-89C4E3FE978F}
		{7E31FF27-EAB2-47AF-95B1-474B6A6DEED9} = {3A0CA621-D6A1-4CB8-A97D-4ACF16612617}
		{2620F84A-34A6-4FD4-9D6F-544630106E78} = {DABD0D69-8757-4EDE-989D-5F65FF10D1FC}
		{79E0600A-8F6B-40A3-A1DC-3857855C7047} = {3A0CA621-D6A1-4CB8-A97D-4ACF16612617}
		{3A0CA621-D6A1-4CB8-A97D-4ACF16612617} = {E8D7F78E-E7B5-41DB-B141-4CB5AE0FEACD}
		{8FFE9313-3E15-404F-A562-305154335513} = {D6A2AC89-2895-4D73-88EA-20315EFC83B7}
		{DB9C69DA-2EA0-4E6C-9D8C-89C4E3FE978F} = {E8D7F78E-E7B5-41DB-B141-4CB5AE0FEACD}
		{DABD0D69-8757-4EDE-989D-5F65FF10D1FC} = {E8D7F78E-E7B5-41DB-B141-4CB5AE0FEACD}
		{3F6DD716-5DD5-4B36-B1A7-187CCB9003F9} = {DB9C69DA-2EA0-4E6C-9D8C-89C4E3FE978F}
	EndGlobalSection
	GlobalSection(ExtensibilityGlobals) = postSolution
		SolutionGuid = {9C07AAB2-A770-4A43-94EE-E892BC8EA0BB}
	EndGlobalSection
EndGlobal
