
Microsoft Visual Studio Solution File, Format Version 12.00
# Visual Studio 15
VisualStudioVersion = 15.0.27130.2036
MinimumVisualStudioVersion = 10.0.40219.1
Project("{9A19103F-16F7-4668-BE54-9A1E7A4F7556}") = "Newbe.Mahua", "Newbe.Mahua\Newbe.Mahua.csproj", "{335C80CE-CAB8-4A09-B3F4-5502C7C82498}"
EndProject
Project("{9A19103F-16F7-4668-BE54-9A1E7A4F7556}") = "Newbe.Mahua.CQP", "Newbe.Mahua.CQP\Newbe.Mahua.CQP.csproj", "{7E31FF27-EAB2-47AF-95B1-474B6A6DEED9}"
EndProject
Project("{9A19103F-16F7-4668-BE54-9A1E7A4F7556}") = "Newbe.Mahua.MPQ", "Newbe.Mahua.MPQ\Newbe.Mahua.MPQ.csproj", "{2620F84A-34A6-4FD4-9D6F-544630106E78}"
EndProject
Project("{9A19103F-16F7-4668-BE54-9A1E7A4F7556}") = "Newbe.Mahua.PluginLoader", "Newbe.Mahua.PluginLoader\Newbe.Mahua.PluginLoader.csproj", "{12392CCE-BDBB-4F57-AD37-8024DFA8077C}"
EndProject
Project("{2150E333-8FDC-42A3-9474-1A3956D46DE8}") = "1)MahuaPlatforms", "1)MahuaPlatforms", "{E8D7F78E-E7B5-41DB-B141-4CB5AE0FEACD}"
EndProject
Project("{2150E333-8FDC-42A3-9474-1A3956D46DE8}") = "1.1)CQP", "1.1)CQP", "{3A0CA621-D6A1-4CB8-A97D-4ACF16612617}"
EndProject
Project("{2150E333-8FDC-42A3-9474-1A3956D46DE8}") = "1.3)MPQ", "1.3)MPQ", "{DABD0D69-8757-4EDE-989D-5F65FF10D1FC}"
EndProject
Project("{9A19103F-16F7-4668-BE54-9A1E7A4F7556}") = "Newbe.Mahua.Tools.Psake", "Newbe.Mahua.Tools.Psake\Newbe.Mahua.Tools.Psake.csproj", "{2FF30FC4-C7E7-45EC-8BD7-9B43D3DAAF39}"
EndProject
Project("{2150E333-8FDC-42A3-9474-1A3956D46DE8}") = "4)Global", "4)Global", "{623B59F9-2AF6-472E-9A5F-3F77944866E0}"
	ProjectSection(SolutionItems) = preProject
		GlobalBin\init.ps1 = GlobalBin\init.ps1
		GlobalBin\NLog.config = GlobalBin\NLog.config
		GlobalBin\NLog.dll = GlobalBin\NLog.dll
	EndProjectSection
EndProject
Project("{2150E333-8FDC-42A3-9474-1A3956D46DE8}") = "0)Solution Items", "0)Solution Items", "{461A0A33-E7B5-4C86-83E8-D9EAEBC3A996}"
	ProjectSection(SolutionItems) = preProject
		build.bat = build.bat
		build.ps1 = build.ps1
		Newbe.Mahua.props = Newbe.Mahua.props
		Newbe.Mahua.ruleset = Newbe.Mahua.ruleset
		NuGet.config = NuGet.config
		reinstall-dllexport.ps1 = reinstall-dllexport.ps1
	EndProjectSection
EndProject
Project("{9A19103F-16F7-4668-BE54-9A1E7A4F7556}") = "Newbe.Mahua.Administration", "Newbe.Mahua.Administration\Newbe.Mahua.Administration.csproj", "{BE6E84B8-05D1-4052-85CE-8ADE47A1FAF5}"
EndProject
Project("{2150E333-8FDC-42A3-9474-1A3956D46DE8}") = "5)Extensions", "5)Extensions", "{5B646BFD-8CFE-439E-95E7-129083AAC599}"
EndProject
Project("{2150E333-8FDC-42A3-9474-1A3956D46DE8}") = "1)Administration", "1)Administration", "{6B10B8F4-78E3-4543-9FEE-2281F1019CAD}"
EndProject
Project("{2150E333-8FDC-42A3-9474-1A3956D46DE8}") = "2)CQP", "2)CQP", "{F11C6532-C3F0-489C-86B6-9234A6BF93C2}"
EndProject
Project("{9A19103F-16F7-4668-BE54-9A1E7A4F7556}") = "Newbe.Mahua.CQP.ApiExtensions", "Newbe.Mahua.CQP.ApiExtensions\Newbe.Mahua.CQP.ApiExtensions.csproj", "{C9C61684-4367-426C-B32D-EFADF3B3B1F0}"
EndProject
Project("{2150E333-8FDC-42A3-9474-1A3956D46DE8}") = "1.4)CleverQQ", "1.4)CleverQQ", "{1E7EF4E7-706F-4DBB-BD83-13A812BAC052}"
EndProject
Project("{2150E333-8FDC-42A3-9474-1A3956D46DE8}") = "1.2)QQLight", "1.2)QQLight", "{9FDB0E1C-47BD-4C4B-907D-9846B17CE085}"
EndProject
Project("{9A19103F-16F7-4668-BE54-9A1E7A4F7556}") = "Newbe.Mahua.CleverQQ", "Newbe.Mahua.CleverQQ\Newbe.Mahua.CleverQQ.csproj", "{BA3FD73B-73E0-4713-967A-91E805B7B809}"
EndProject
Project("{9A19103F-16F7-4668-BE54-9A1E7A4F7556}") = "Newbe.Mahua.QQLight", "Newbe.Mahua.QQLight\Newbe.Mahua.QQLight.csproj", "{6B4F2938-7B32-41DD-9935-0ABF60C7A7F5}"
EndProject
Global
	GlobalSection(SolutionConfigurationPlatforms) = preSolution
		Debug|Any CPU = Debug|Any CPU
		Release|Any CPU = Release|Any CPU
	EndGlobalSection
	GlobalSection(ProjectConfigurationPlatforms) = postSolution
		{335C80CE-CAB8-4A09-B3F4-5502C7C82498}.Debug|Any CPU.ActiveCfg = Debug|Any CPU
		{335C80CE-CAB8-4A09-B3F4-5502C7C82498}.Debug|Any CPU.Build.0 = Debug|Any CPU
		{335C80CE-CAB8-4A09-B3F4-5502C7C82498}.Release|Any CPU.ActiveCfg = Release|Any CPU
		{335C80CE-CAB8-4A09-B3F4-5502C7C82498}.Release|Any CPU.Build.0 = Release|Any CPU
		{7E31FF27-EAB2-47AF-95B1-474B6A6DEED9}.Debug|Any CPU.ActiveCfg = Debug|Any CPU
		{7E31FF27-EAB2-47AF-95B1-474B6A6DEED9}.Debug|Any CPU.Build.0 = Debug|Any CPU
		{7E31FF27-EAB2-47AF-95B1-474B6A6DEED9}.Release|Any CPU.ActiveCfg = Release|Any CPU
		{7E31FF27-EAB2-47AF-95B1-474B6A6DEED9}.Release|Any CPU.Build.0 = Release|Any CPU
		{2620F84A-34A6-4FD4-9D6F-544630106E78}.Debug|Any CPU.ActiveCfg = Debug|Any CPU
		{2620F84A-34A6-4FD4-9D6F-544630106E78}.Debug|Any CPU.Build.0 = Debug|Any CPU
		{2620F84A-34A6-4FD4-9D6F-544630106E78}.Release|Any CPU.ActiveCfg = Release|Any CPU
		{2620F84A-34A6-4FD4-9D6F-544630106E78}.Release|Any CPU.Build.0 = Release|Any CPU
		{12392CCE-BDBB-4F57-AD37-8024DFA8077C}.Debug|Any CPU.ActiveCfg = Debug|Any CPU
		{12392CCE-BDBB-4F57-AD37-8024DFA8077C}.Debug|Any CPU.Build.0 = Debug|Any CPU
		{12392CCE-BDBB-4F57-AD37-8024DFA8077C}.Release|Any CPU.ActiveCfg = Release|Any CPU
		{12392CCE-BDBB-4F57-AD37-8024DFA8077C}.Release|Any CPU.Build.0 = Release|Any CPU
		{2FF30FC4-C7E7-45EC-8BD7-9B43D3DAAF39}.Debug|Any CPU.ActiveCfg = Debug|Any CPU
		{2FF30FC4-C7E7-45EC-8BD7-9B43D3DAAF39}.Debug|Any CPU.Build.0 = Debug|Any CPU
		{2FF30FC4-C7E7-45EC-8BD7-9B43D3DAAF39}.Release|Any CPU.ActiveCfg = Release|Any CPU
		{2FF30FC4-C7E7-45EC-8BD7-9B43D3DAAF39}.Release|Any CPU.Build.0 = Release|Any CPU
		{BE6E84B8-05D1-4052-85CE-8ADE47A1FAF5}.Debug|Any CPU.ActiveCfg = Debug|Any CPU
		{BE6E84B8-05D1-4052-85CE-8ADE47A1FAF5}.Debug|Any CPU.Build.0 = Debug|Any CPU
		{BE6E84B8-05D1-4052-85CE-8ADE47A1FAF5}.Release|Any CPU.ActiveCfg = Release|Any CPU
		{BE6E84B8-05D1-4052-85CE-8ADE47A1FAF5}.Release|Any CPU.Build.0 = Release|Any CPU
		{C9C61684-4367-426C-B32D-EFADF3B3B1F0}.Debug|Any CPU.ActiveCfg = Debug|Any CPU
		{C9C61684-4367-426C-B32D-EFADF3B3B1F0}.Debug|Any CPU.Build.0 = Debug|Any CPU
		{C9C61684-4367-426C-B32D-EFADF3B3B1F0}.Release|Any CPU.ActiveCfg = Release|Any CPU
		{C9C61684-4367-426C-B32D-EFADF3B3B1F0}.Release|Any CPU.Build.0 = Release|Any CPU
		{BA3FD73B-73E0-4713-967A-91E805B7B809}.Debug|Any CPU.ActiveCfg = Debug|Any CPU
		{BA3FD73B-73E0-4713-967A-91E805B7B809}.Debug|Any CPU.Build.0 = Debug|Any CPU
		{BA3FD73B-73E0-4713-967A-91E805B7B809}.Release|Any CPU.ActiveCfg = Release|Any CPU
		{BA3FD73B-73E0-4713-967A-91E805B7B809}.Release|Any CPU.Build.0 = Release|Any CPU
		{6B4F2938-7B32-41DD-9935-0ABF60C7A7F5}.Debug|Any CPU.ActiveCfg = Debug|Any CPU
		{6B4F2938-7B32-41DD-9935-0ABF60C7A7F5}.Debug|Any CPU.Build.0 = Debug|Any CPU
		{6B4F2938-7B32-41DD-9935-0ABF60C7A7F5}.Release|Any CPU.ActiveCfg = Release|Any CPU
		{6B4F2938-7B32-41DD-9935-0ABF60C7A7F5}.Release|Any CPU.Build.0 = Release|Any CPU
	EndGlobalSection
	GlobalSection(SolutionProperties) = preSolution
		HideSolutionNode = FALSE
	EndGlobalSection
	GlobalSection(NestedProjects) = preSolution
		{7E31FF27-EAB2-47AF-95B1-474B6A6DEED9} = {3A0CA621-D6A1-4CB8-A97D-4ACF16612617}
		{2620F84A-34A6-4FD4-9D6F-544630106E78} = {DABD0D69-8757-4EDE-989D-5F65FF10D1FC}
		{3A0CA621-D6A1-4CB8-A97D-4ACF16612617} = {E8D7F78E-E7B5-41DB-B141-4CB5AE0FEACD}
		{DABD0D69-8757-4EDE-989D-5F65FF10D1FC} = {E8D7F78E-E7B5-41DB-B141-4CB5AE0FEACD}
		{BE6E84B8-05D1-4052-85CE-8ADE47A1FAF5} = {6B10B8F4-78E3-4543-9FEE-2281F1019CAD}
		{6B10B8F4-78E3-4543-9FEE-2281F1019CAD} = {5B646BFD-8CFE-439E-95E7-129083AAC599}
		{F11C6532-C3F0-489C-86B6-9234A6BF93C2} = {5B646BFD-8CFE-439E-95E7-129083AAC599}
		{C9C61684-4367-426C-B32D-EFADF3B3B1F0} = {F11C6532-C3F0-489C-86B6-9234A6BF93C2}
		{1E7EF4E7-706F-4DBB-BD83-13A812BAC052} = {E8D7F78E-E7B5-41DB-B141-4CB5AE0FEACD}
		{9FDB0E1C-47BD-4C4B-907D-9846B17CE085} = {E8D7F78E-E7B5-41DB-B141-4CB5AE0FEACD}
		{BA3FD73B-73E0-4713-967A-91E805B7B809} = {1E7EF4E7-706F-4DBB-BD83-13A812BAC052}
		{6B4F2938-7B32-41DD-9935-0ABF60C7A7F5} = {9FDB0E1C-47BD-4C4B-907D-9846B17CE085}
	EndGlobalSection
	GlobalSection(ExtensibilityGlobals) = postSolution
		SolutionGuid = {9C07AAB2-A770-4A43-94EE-E892BC8EA0BB}
	EndGlobalSection
EndGlobal
