
Microsoft Visual Studio Solution File, Format Version 12.00
# Visual Studio 15
VisualStudioVersion = 15.0.27130.2036
MinimumVisualStudioVersion = 10.0.40219.1
Project("{9A19103F-16F7-4668-BE54-9A1E7A4F7556}") = "Newbe.Mahua", "Newbe.Mahua\Newbe.Mahua.csproj", "{335C80CE-CAB8-4A09-B3F4-5502C7C82498}"
EndProject
Project("{9A19103F-16F7-4668-BE54-9A1E7A4F7556}") = "Newbe.Mahua.CQP", "Newbe.Mahua.CQP\Newbe.Mahua.CQP.csproj", "{7E31FF27-EAB2-47AF-95B1-474B6A6DEED9}"
EndProject
Project("{9A19103F-16F7-4668-BE54-9A1E7A4F7556}") = "Newbe.Mahua.MPQ", "Newbe.Mahua.MPQ\Newbe.Mahua.MPQ.csproj", "{2620F84A-34A6-4FD4-9D6F-544630106E78}"
EndProject
Project("{9A19103F-16F7-4668-BE54-9A1E7A4F7556}") = "Newbe.Mahua.PluginLoader", "Newbe.Mahua.PluginLoader\Newbe.Mahua.PluginLoader.csproj", "{12392CCE-BDBB-4F57-AD37-8024DFA8077C}"
EndProject
Project("{2150E333-8FDC-42A3-9474-1A3956D46DE8}") = "1)MahuaPlatforms", "1)MahuaPlatforms", "{E8D7F78E-E7B5-41DB-B141-4CB5AE0FEACD}"
EndProject
Project("{FAE04EC0-301F-11D3-BF4B-00C04F79EFBC}") = "Newbe.Mahua.CQP.Native", "Newbe.Mahua.CQP.Native\Newbe.Mahua.CQP.Native.csproj", "{79E0600A-8F6B-40A3-A1DC-3857855C7047}"
EndProject
Project("{2150E333-8FDC-42A3-9474-1A3956D46DE8}") = "1.1)CQP", "1.1)CQP", "{3A0CA621-D6A1-4CB8-A97D-4ACF16612617}"
EndProject
Project("{2150E333-8FDC-42A3-9474-1A3956D46DE8}") = "2)Plugins", "2)Plugins", "{D6A2AC89-2895-4D73-88EA-20315EFC83B7}"
EndProject
Project("{2150E333-8FDC-42A3-9474-1A3956D46DE8}") = "1.3)MPQ", "1.3)MPQ", "{DABD0D69-8757-4EDE-989D-5F65FF10D1FC}"
EndProject
Project("{2150E333-8FDC-42A3-9474-1A3956D46DE8}") = "3)Tools", "3)Tools", "{A1D81992-C02F-413A-A208-28B89B0DF306}"
EndProject
Project("{FAE04EC0-301F-11D3-BF4B-00C04F79EFBC}") = "Newbe.Tools.ELang2CSharp", "Newbe.Tools.ELang2CSharp\Newbe.Tools.ELang2CSharp.csproj", "{563EB946-C844-46F4-B61F-3F192244DA83}"
EndProject
Project("{2150E333-8FDC-42A3-9474-1A3956D46DE8}") = "0)Solution Items", "0)Solution Items", "{461A0A33-E7B5-4C86-83E8-D9EAEBC3A996}"
	ProjectSection(SolutionItems) = preProject
		build.bat = build.bat
		build.ps1 = build.ps1
		Newbe.Mahua.ruleset = Newbe.Mahua.ruleset
		NuGet.config = NuGet.config
		Directory.Build.props = Directory.Build.props
	EndProjectSection
EndProject
Project("{FAE04EC0-301F-11D3-BF4B-00C04F79EFBC}") = "Newbe.Mahua.MPQ.Native", "Newbe.Mahua.MPQ.Native\Newbe.Mahua.MPQ.Native.csproj", "{8E94685A-C2F5-4131-8D82-A7A74E42B559}"
EndProject
Project("{2150E333-8FDC-42A3-9474-1A3956D46DE8}") = "1.4)CleverQQ", "1.4)CleverQQ", "{29538C19-8F8A-4493-B4AC-219942B77D92}"
EndProject
Project("{2150E333-8FDC-42A3-9474-1A3956D46DE8}") = "1.2)QQLight", "1.2)QQLight", "{CF053B95-7235-45DB-A4FD-7C0C45B35348}"
EndProject
Project("{9A19103F-16F7-4668-BE54-9A1E7A4F7556}") = "Newbe.Mahua.CleverQQ", "Newbe.Mahua.CleverQQ\Newbe.Mahua.CleverQQ.csproj", "{BEDD1F32-12FF-48AC-80DF-84CBB1B61835}"
EndProject
Project("{9A19103F-16F7-4668-BE54-9A1E7A4F7556}") = "Newbe.Mahua.QQLight", "Newbe.Mahua.QQLight\Newbe.Mahua.QQLight.csproj", "{F5FFD098-5BE9-4CF0-9C96-9E56A9F28599}"
EndProject
Project("{FAE04EC0-301F-11D3-BF4B-00C04F79EFBC}") = "Newbe.Mahua.CleverQQ.Native", "Newbe.Mahua.CleverQQ.Native\Newbe.Mahua.CleverQQ.Native.csproj", "{7BC544C3-166E-407C-893C-09933B98896D}"
EndProject
Project("{FAE04EC0-301F-11D3-BF4B-00C04F79EFBC}") = "Newbe.Mahua.QQLight.Native", "Newbe.Mahua.QQLight.Native\Newbe.Mahua.QQLight.Native.csproj", "{F704EBE2-76FF-496E-96BC-B45B7D766BF0}"
EndProject
Project("{FAE04EC0-301F-11D3-BF4B-00C04F79EFBC}") = "Newbe.Mahua.Plugin.Agent", "Newbe.Mahua.Plugin.Agent\Newbe.Mahua.Plugin.Agent.csproj", "{EF605DA0-2D59-4632-BCB8-531207DCDE14}"
EndProject
Project("{FAE04EC0-301F-11D3-BF4B-00C04F79EFBC}") = "Newbe.Mahua.DevJobs", "Newbe.Mahua.DevJobs\Newbe.Mahua.DevJobs.csproj", "{BB486C62-98FF-4B6A-9195-127ED2B939CD}"
EndProject
Project("{FAE04EC0-301F-11D3-BF4B-00C04F79EFBC}") = "Newbe.Mahua.DevJobs.Tests", "Newbe.Mahua.DevJobs.Tests\Newbe.Mahua.DevJobs.Tests.csproj", "{3B82821F-14C4-489C-AE3A-B01E3432D041}"
EndProject
Project("{FAE04EC0-301F-11D3-BF4B-00C04F79EFBC}") = "Newbe.Mahua.InputReceivers.HttpApi", "Newbe.Mahua.InputReceivers.HttpApi\Newbe.Mahua.InputReceivers.HttpApi.csproj", "{5D5FBA77-012C-4D63-97F7-A5F0DFF85CF2}"
EndProject
Project("{FAE04EC0-301F-11D3-BF4B-00C04F79EFBC}") = "Newbe.Mahua.OutputSenders.HttpApi", "Newbe.Mahua.OutputSenders.HttpApi\Newbe.Mahua.OutputSenders.HttpApi.csproj", "{D980B0E4-4FDE-4636-8E97-FE6EF163CAEB}"
EndProject
Project("{2150E333-8FDC-42A3-9474-1A3956D46DE8}") = "1_InputReceivers", "1_InputReceivers", "{84B84180-963A-4B07-8342-03E2D960D7A2}"
EndProject
Project("{2150E333-8FDC-42A3-9474-1A3956D46DE8}") = "2_OutputSenders", "2_OutputSenders", "{2A4E717F-B8D6-4F1D-B0C8-D7F5C49536CC}"
EndProject
Project("{FAE04EC0-301F-11D3-BF4B-00C04F79EFBC}") = "Newbe.Mahua.InputReceivers.WebsocketApi", "Newbe.Mahua.InputReceivers.WebsocketApi\Newbe.Mahua.InputReceivers.WebsocketApi.csproj", "{91539A7F-2A8D-4EA4-A6ED-566B33EE7125}"
EndProject
Project("{2150E333-8FDC-42A3-9474-1A3956D46DE8}") = "5_IPC", "5_IPC", "{13C9570D-E313-48C2-B2DD-398FBA0B413D}"
EndProject
Project("{2150E333-8FDC-42A3-9474-1A3956D46DE8}") = "0_Shared", "0_Shared", "{96C81293-DB4D-4911-924E-05C393B87001}"
EndProject
Project("{FAE04EC0-301F-11D3-BF4B-00C04F79EFBC}") = "Newbe.Mahua.OutputSenders.WebsocketApi", "Newbe.Mahua.OutputSenders.WebsocketApi\Newbe.Mahua.OutputSenders.WebsocketApi.csproj", "{68F37C95-9572-4E8E-988C-97B4550D7045}"
EndProject
Project("{FAE04EC0-301F-11D3-BF4B-00C04F79EFBC}") = "Newbe.Mahua.IpcShared.WebsocketApi", "Newbe.Mahua.IpcShared.WebsocketApi\Newbe.Mahua.IpcShared.WebsocketApi.csproj", "{E7F6D6C5-220C-4CDF-A67D-2E442829A684}"
EndProject
Global
	GlobalSection(SolutionConfigurationPlatforms) = preSolution
		Debug|Any CPU = Debug|Any CPU
		Release|Any CPU = Release|Any CPU
	EndGlobalSection
	GlobalSection(ProjectConfigurationPlatforms) = postSolution
		{335C80CE-CAB8-4A09-B3F4-5502C7C82498}.Debug|Any CPU.ActiveCfg = Debug|Any CPU
		{335C80CE-CAB8-4A09-B3F4-5502C7C82498}.Debug|Any CPU.Build.0 = Debug|Any CPU
		{335C80CE-CAB8-4A09-B3F4-5502C7C82498}.Release|Any CPU.ActiveCfg = Release|Any CPU
		{335C80CE-CAB8-4A09-B3F4-5502C7C82498}.Release|Any CPU.Build.0 = Release|Any CPU
		{7E31FF27-EAB2-47AF-95B1-474B6A6DEED9}.Debug|Any CPU.ActiveCfg = Debug|Any CPU
		{7E31FF27-EAB2-47AF-95B1-474B6A6DEED9}.Debug|Any CPU.Build.0 = Debug|Any CPU
		{7E31FF27-EAB2-47AF-95B1-474B6A6DEED9}.Release|Any CPU.ActiveCfg = Release|Any CPU
		{7E31FF27-EAB2-47AF-95B1-474B6A6DEED9}.Release|Any CPU.Build.0 = Release|Any CPU
		{2620F84A-34A6-4FD4-9D6F-544630106E78}.Debug|Any CPU.ActiveCfg = Debug|Any CPU
		{2620F84A-34A6-4FD4-9D6F-544630106E78}.Debug|Any CPU.Build.0 = Debug|Any CPU
		{2620F84A-34A6-4FD4-9D6F-544630106E78}.Release|Any CPU.ActiveCfg = Release|Any CPU
		{2620F84A-34A6-4FD4-9D6F-544630106E78}.Release|Any CPU.Build.0 = Release|Any CPU
		{12392CCE-BDBB-4F57-AD37-8024DFA8077C}.Debug|Any CPU.ActiveCfg = Debug|Any CPU
		{12392CCE-BDBB-4F57-AD37-8024DFA8077C}.Debug|Any CPU.Build.0 = Debug|Any CPU
		{12392CCE-BDBB-4F57-AD37-8024DFA8077C}.Release|Any CPU.ActiveCfg = Release|Any CPU
		{12392CCE-BDBB-4F57-AD37-8024DFA8077C}.Release|Any CPU.Build.0 = Release|Any CPU
		{79E0600A-8F6B-40A3-A1DC-3857855C7047}.Debug|Any CPU.ActiveCfg = Debug|Any CPU
		{79E0600A-8F6B-40A3-A1DC-3857855C7047}.Debug|Any CPU.Build.0 = Debug|Any CPU
		{79E0600A-8F6B-40A3-A1DC-3857855C7047}.Release|Any CPU.ActiveCfg = Release|Any CPU
		{79E0600A-8F6B-40A3-A1DC-3857855C7047}.Release|Any CPU.Build.0 = Release|Any CPU
		{563EB946-C844-46F4-B61F-3F192244DA83}.Debug|Any CPU.ActiveCfg = Debug|Any CPU
		{563EB946-C844-46F4-B61F-3F192244DA83}.Debug|Any CPU.Build.0 = Debug|Any CPU
		{563EB946-C844-46F4-B61F-3F192244DA83}.Release|Any CPU.ActiveCfg = Release|Any CPU
		{563EB946-C844-46F4-B61F-3F192244DA83}.Release|Any CPU.Build.0 = Release|Any CPU
		{8E94685A-C2F5-4131-8D82-A7A74E42B559}.Debug|Any CPU.ActiveCfg = Debug|Any CPU
		{8E94685A-C2F5-4131-8D82-A7A74E42B559}.Debug|Any CPU.Build.0 = Debug|Any CPU
		{8E94685A-C2F5-4131-8D82-A7A74E42B559}.Release|Any CPU.ActiveCfg = Release|Any CPU
		{8E94685A-C2F5-4131-8D82-A7A74E42B559}.Release|Any CPU.Build.0 = Release|Any CPU
		{BEDD1F32-12FF-48AC-80DF-84CBB1B61835}.Debug|Any CPU.ActiveCfg = Debug|Any CPU
		{BEDD1F32-12FF-48AC-80DF-84CBB1B61835}.Debug|Any CPU.Build.0 = Debug|Any CPU
		{BEDD1F32-12FF-48AC-80DF-84CBB1B61835}.Release|Any CPU.ActiveCfg = Release|Any CPU
		{BEDD1F32-12FF-48AC-80DF-84CBB1B61835}.Release|Any CPU.Build.0 = Release|Any CPU
		{F5FFD098-5BE9-4CF0-9C96-9E56A9F28599}.Debug|Any CPU.ActiveCfg = Debug|Any CPU
		{F5FFD098-5BE9-4CF0-9C96-9E56A9F28599}.Debug|Any CPU.Build.0 = Debug|Any CPU
		{F5FFD098-5BE9-4CF0-9C96-9E56A9F28599}.Release|Any CPU.ActiveCfg = Release|Any CPU
		{F5FFD098-5BE9-4CF0-9C96-9E56A9F28599}.Release|Any CPU.Build.0 = Release|Any CPU
		{7BC544C3-166E-407C-893C-09933B98896D}.Debug|Any CPU.ActiveCfg = Debug|Any CPU
		{7BC544C3-166E-407C-893C-09933B98896D}.Debug|Any CPU.Build.0 = Debug|Any CPU
		{7BC544C3-166E-407C-893C-09933B98896D}.Release|Any CPU.ActiveCfg = Release|Any CPU
		{7BC544C3-166E-407C-893C-09933B98896D}.Release|Any CPU.Build.0 = Release|Any CPU
		{F704EBE2-76FF-496E-96BC-B45B7D766BF0}.Debug|Any CPU.ActiveCfg = Debug|Any CPU
		{F704EBE2-76FF-496E-96BC-B45B7D766BF0}.Debug|Any CPU.Build.0 = Debug|Any CPU
		{F704EBE2-76FF-496E-96BC-B45B7D766BF0}.Release|Any CPU.ActiveCfg = Release|Any CPU
		{F704EBE2-76FF-496E-96BC-B45B7D766BF0}.Release|Any CPU.Build.0 = Release|Any CPU
		{EF605DA0-2D59-4632-BCB8-531207DCDE14}.Debug|Any CPU.ActiveCfg = Debug|Any CPU
		{EF605DA0-2D59-4632-BCB8-531207DCDE14}.Debug|Any CPU.Build.0 = Debug|Any CPU
		{EF605DA0-2D59-4632-BCB8-531207DCDE14}.Release|Any CPU.ActiveCfg = Release|Any CPU
		{EF605DA0-2D59-4632-BCB8-531207DCDE14}.Release|Any CPU.Build.0 = Release|Any CPU
		{BB486C62-98FF-4B6A-9195-127ED2B939CD}.Debug|Any CPU.ActiveCfg = Debug|Any CPU
		{BB486C62-98FF-4B6A-9195-127ED2B939CD}.Debug|Any CPU.Build.0 = Debug|Any CPU
		{BB486C62-98FF-4B6A-9195-127ED2B939CD}.Release|Any CPU.ActiveCfg = Release|Any CPU
		{BB486C62-98FF-4B6A-9195-127ED2B939CD}.Release|Any CPU.Build.0 = Release|Any CPU
		{3B82821F-14C4-489C-AE3A-B01E3432D041}.Debug|Any CPU.ActiveCfg = Debug|Any CPU
		{3B82821F-14C4-489C-AE3A-B01E3432D041}.Debug|Any CPU.Build.0 = Debug|Any CPU
		{3B82821F-14C4-489C-AE3A-B01E3432D041}.Release|Any CPU.ActiveCfg = Release|Any CPU
		{3B82821F-14C4-489C-AE3A-B01E3432D041}.Release|Any CPU.Build.0 = Release|Any CPU
		{5D5FBA77-012C-4D63-97F7-A5F0DFF85CF2}.Debug|Any CPU.ActiveCfg = Debug|Any CPU
		{5D5FBA77-012C-4D63-97F7-A5F0DFF85CF2}.Debug|Any CPU.Build.0 = Debug|Any CPU
		{5D5FBA77-012C-4D63-97F7-A5F0DFF85CF2}.Release|Any CPU.ActiveCfg = Release|Any CPU
		{5D5FBA77-012C-4D63-97F7-A5F0DFF85CF2}.Release|Any CPU.Build.0 = Release|Any CPU
		{D980B0E4-4FDE-4636-8E97-FE6EF163CAEB}.Debug|Any CPU.ActiveCfg = Debug|Any CPU
		{D980B0E4-4FDE-4636-8E97-FE6EF163CAEB}.Debug|Any CPU.Build.0 = Debug|Any CPU
		{D980B0E4-4FDE-4636-8E97-FE6EF163CAEB}.Release|Any CPU.ActiveCfg = Release|Any CPU
		{D980B0E4-4FDE-4636-8E97-FE6EF163CAEB}.Release|Any CPU.Build.0 = Release|Any CPU
		{91539A7F-2A8D-4EA4-A6ED-566B33EE7125}.Debug|Any CPU.ActiveCfg = Debug|Any CPU
		{91539A7F-2A8D-4EA4-A6ED-566B33EE7125}.Debug|Any CPU.Build.0 = Debug|Any CPU
		{91539A7F-2A8D-4EA4-A6ED-566B33EE7125}.Release|Any CPU.ActiveCfg = Release|Any CPU
		{91539A7F-2A8D-4EA4-A6ED-566B33EE7125}.Release|Any CPU.Build.0 = Release|Any CPU
		{68F37C95-9572-4E8E-988C-97B4550D7045}.Debug|Any CPU.ActiveCfg = Debug|Any CPU
		{68F37C95-9572-4E8E-988C-97B4550D7045}.Debug|Any CPU.Build.0 = Debug|Any CPU
		{68F37C95-9572-4E8E-988C-97B4550D7045}.Release|Any CPU.ActiveCfg = Release|Any CPU
		{68F37C95-9572-4E8E-988C-97B4550D7045}.Release|Any CPU.Build.0 = Release|Any CPU
		{E7F6D6C5-220C-4CDF-A67D-2E442829A684}.Debug|Any CPU.ActiveCfg = Debug|Any CPU
		{E7F6D6C5-220C-4CDF-A67D-2E442829A684}.Debug|Any CPU.Build.0 = Debug|Any CPU
		{E7F6D6C5-220C-4CDF-A67D-2E442829A684}.Release|Any CPU.ActiveCfg = Release|Any CPU
		{E7F6D6C5-220C-4CDF-A67D-2E442829A684}.Release|Any CPU.Build.0 = Release|Any CPU
	EndGlobalSection
	GlobalSection(SolutionProperties) = preSolution
		HideSolutionNode = FALSE
	EndGlobalSection
	GlobalSection(NestedProjects) = preSolution
		{7E31FF27-EAB2-47AF-95B1-474B6A6DEED9} = {3A0CA621-D6A1-4CB8-A97D-4ACF16612617}
		{2620F84A-34A6-4FD4-9D6F-544630106E78} = {DABD0D69-8757-4EDE-989D-5F65FF10D1FC}
		{79E0600A-8F6B-40A3-A1DC-3857855C7047} = {3A0CA621-D6A1-4CB8-A97D-4ACF16612617}
		{3A0CA621-D6A1-4CB8-A97D-4ACF16612617} = {E8D7F78E-E7B5-41DB-B141-4CB5AE0FEACD}
		{DABD0D69-8757-4EDE-989D-5F65FF10D1FC} = {E8D7F78E-E7B5-41DB-B141-4CB5AE0FEACD}
		{563EB946-C844-46F4-B61F-3F192244DA83} = {A1D81992-C02F-413A-A208-28B89B0DF306}
		{8E94685A-C2F5-4131-8D82-A7A74E42B559} = {DABD0D69-8757-4EDE-989D-5F65FF10D1FC}
		{29538C19-8F8A-4493-B4AC-219942B77D92} = {E8D7F78E-E7B5-41DB-B141-4CB5AE0FEACD}
		{CF053B95-7235-45DB-A4FD-7C0C45B35348} = {E8D7F78E-E7B5-41DB-B141-4CB5AE0FEACD}
		{BEDD1F32-12FF-48AC-80DF-84CBB1B61835} = {29538C19-8F8A-4493-B4AC-219942B77D92}
		{F5FFD098-5BE9-4CF0-9C96-9E56A9F28599} = {CF053B95-7235-45DB-A4FD-7C0C45B35348}
		{7BC544C3-166E-407C-893C-09933B98896D} = {29538C19-8F8A-4493-B4AC-219942B77D92}
		{F704EBE2-76FF-496E-96BC-B45B7D766BF0} = {CF053B95-7235-45DB-A4FD-7C0C45B35348}
		{EF605DA0-2D59-4632-BCB8-531207DCDE14} = {D6A2AC89-2895-4D73-88EA-20315EFC83B7}
		{BB486C62-98FF-4B6A-9195-127ED2B939CD} = {A1D81992-C02F-413A-A208-28B89B0DF306}
		{3B82821F-14C4-489C-AE3A-B01E3432D041} = {A1D81992-C02F-413A-A208-28B89B0DF306}
		{5D5FBA77-012C-4D63-97F7-A5F0DFF85CF2} = {84B84180-963A-4B07-8342-03E2D960D7A2}
		{D980B0E4-4FDE-4636-8E97-FE6EF163CAEB} = {2A4E717F-B8D6-4F1D-B0C8-D7F5C49536CC}
		{91539A7F-2A8D-4EA4-A6ED-566B33EE7125} = {84B84180-963A-4B07-8342-03E2D960D7A2}
		{2A4E717F-B8D6-4F1D-B0C8-D7F5C49536CC} = {13C9570D-E313-48C2-B2DD-398FBA0B413D}
		{84B84180-963A-4B07-8342-03E2D960D7A2} = {13C9570D-E313-48C2-B2DD-398FBA0B413D}
		{96C81293-DB4D-4911-924E-05C393B87001} = {13C9570D-E313-48C2-B2DD-398FBA0B413D}
		{68F37C95-9572-4E8E-988C-97B4550D7045} = {2A4E717F-B8D6-4F1D-B0C8-D7F5C49536CC}
		{E7F6D6C5-220C-4CDF-A67D-2E442829A684} = {96C81293-DB4D-4911-924E-05C393B87001}
	EndGlobalSection
	GlobalSection(ExtensibilityGlobals) = postSolution
		SolutionGuid = {9C07AAB2-A770-4A43-94EE-E892BC8EA0BB}
	EndGlobalSection
EndGlobal
